
Microsoft Visual Studio Solution File, Format Version 12.00
# Visual Studio Version 16
VisualStudioVersion = 16.0.32901.82
MinimumVisualStudioVersion = 10.0.40219.1
Project("{FAE04EC0-301F-11D3-BF4B-00C04F79EFBC}") = "931921.solomin.dmitrii.lab11", "931921.solomin.dmitrii.lab11\931921.solomin.dmitrii.lab11.csproj", "{81BB0A45-C5B3-4EFF-8525-51065A577C9A}"
EndProject
Global
	GlobalSection(SolutionConfigurationPlatforms) = preSolution
		Debug|Any CPU = Debug|Any CPU
		Release|Any CPU = Release|Any CPU
	EndGlobalSection
	GlobalSection(ProjectConfigurationPlatforms) = postSolution
		{81BB0A45-C5B3-4EFF-8525-51065A577C9A}.Debug|Any CPU.ActiveCfg = Debug|Any CPU
		{81BB0A45-C5B3-4EFF-8525-51065A577C9A}.Debug|Any CPU.Build.0 = Debug|Any CPU
		{81BB0A45-C5B3-4EFF-8525-51065A577C9A}.Release|Any CPU.ActiveCfg = Release|Any CPU
		{81BB0A45-C5B3-4EFF-8525-51065A577C9A}.Release|Any CPU.Build.0 = Release|Any CPU
	EndGlobalSection
	GlobalSection(SolutionProperties) = preSolution
		HideSolutionNode = FALSE
	EndGlobalSection
	GlobalSection(ExtensibilityGlobals) = postSolution
		SolutionGuid = {0666E3FC-0AF2-41E8-9733-ED101F3EC0CF}
	EndGlobalSection
EndGlobal
